// !$*UTF8*$!
{
	archiveVersion = 1;
	classes = {
	};
	objectVersion = 77;
	objects = {

/* Begin PBXContainerItemProxy section */
		84A2EA282DEB4E0C00D60A32 /* PBXContainerItemProxy */ = {
			isa = PBXContainerItemProxy;
			containerPortal = 84A2EA122DEB4E0B00D60A32 /* Project object */;
			proxyType = 1;
			remoteGlobalIDString = 84A2EA192DEB4E0B00D60A32;
			remoteInfo = RefundMeApp;
		};
		84A2EA322DEB4E0C00D60A32 /* PBXContainerItemProxy */ = {
			isa = PBXContainerItemProxy;
			containerPortal = 84A2EA122DEB4E0B00D60A32 /* Project object */;
			proxyType = 1;
			remoteGlobalIDString = 84A2EA192DEB4E0B00D60A32;
			remoteInfo = RefundMeApp;
		};
/* End PBXContainerItemProxy section */

/* Begin PBXFileReference section */
		84A2EA1A2DEB4E0B00D60A32 /* RefundMeApp.app */ = {isa = PBXFileReference; explicitFileType = wrapper.application; includeInIndex = 0; path = RefundMeApp.app; sourceTree = BUILT_PRODUCTS_DIR; };
		84A2EA272DEB4E0C00D60A32 /* RefundMeAppTests.xctest */ = {isa = PBXFileReference; explicitFileType = wrapper.cfbundle; includeInIndex = 0; path = RefundMeAppTests.xctest; sourceTree = BUILT_PRODUCTS_DIR; };
		84A2EA312DEB4E0C00D60A32 /* RefundMeAppUITests.xctest */ = {isa = PBXFileReference; explicitFileType = wrapper.cfbundle; includeInIndex = 0; path = RefundMeAppUITests.xctest; sourceTree = BUILT_PRODUCTS_DIR; };
/* End PBXFileReference section */

/* Begin PBXFileSystemSynchronizedRootGroup section */
		84A2EA1C2DEB4E0B00D60A32 /* RefundMeApp */ = {
			isa = PBXFileSystemSynchronizedRootGroup;
			path = RefundMeApp;
			sourceTree = "<group>";
		};
		84A2EA2A2DEB4E0C00D60A32 /* RefundMeAppTests */ = {
			isa = PBXFileSystemSynchronizedRootGroup;
			path = RefundMeAppTests;
			sourceTree = "<group>";
		};
		84A2EA342DEB4E0C00D60A32 /* RefundMeAppUITests */ = {
			isa = PBXFileSystemSynchronizedRootGroup;
			path = RefundMeAppUITests;
			sourceTree = "<group>";
		};
/* End PBXFileSystemSynchronizedRootGroup section */

/* Begin PBXFrameworksBuildPhase section */
		84A2EA172DEB4E0B00D60A32 /* Frameworks */ = {
			isa = PBXFrameworksBuildPhase;
			buildActionMask = 2147483647;
			files = (
			);
			runOnlyForDeploymentPostprocessing = 0;
		};
		84A2EA242DEB4E0C00D60A32 /* Frameworks */ = {
			isa = PBXFrameworksBuildPhase;
			buildActionMask = 2147483647;
			files = (
			);
			runOnlyForDeploymentPostprocessing = 0;
		};
		84A2EA2E2DEB4E0C00D60A32 /* Frameworks */ = {
			isa = PBXFrameworksBuildPhase;
			buildActionMask = 2147483647;
			files = (
			);
			runOnlyForDeploymentPostprocessing = 0;
		};
/* End PBXFrameworksBuildPhase section */

/* Begin PBXGroup section */
		84A2EA112DEB4E0B00D60A32 = {
			isa = PBXGroup;
			children = (
				84A2EA1C2DEB4E0B00D60A32 /* RefundMeApp */,
				84A2EA2A2DEB4E0C00D60A32 /* RefundMeAppTests */,
				84A2EA342DEB4E0C00D60A32 /* RefundMeAppUITests */,
				84A2EA1B2DEB4E0B00D60A32 /* Products */,
			);
			sourceTree = "<group>";
		};
		84A2EA1B2DEB4E0B00D60A32 /* Products */ = {
			isa = PBXGroup;
			children = (
				84A2EA1A2DEB4E0B00D60A32 /* RefundMeApp.app */,
				84A2EA272DEB4E0C00D60A32 /* RefundMeAppTests.xctest */,
				84A2EA312DEB4E0C00D60A32 /* RefundMeAppUITests.xctest */,
			);
			name = Products;
			sourceTree = "<group>";
		};
/* End PBXGroup section */

/* Begin PBXNativeTarget section */
		84A2EA192DEB4E0B00D60A32 /* RefundMeApp */ = {
			isa = PBXNativeTarget;
			buildConfigurationList = 84A2EA3B2DEB4E0C00D60A32 /* Build configuration list for PBXNativeTarget "RefundMeApp" */;
			buildPhases = (
				84A2EA162DEB4E0B00D60A32 /* Sources */,
				84A2EA172DEB4E0B00D60A32 /* Frameworks */,
				84A2EA182DEB4E0B00D60A32 /* Resources */,
			);
			buildRules = (
			);
			dependencies = (
			);
			fileSystemSynchronizedGroups = (
				84A2EA1C2DEB4E0B00D60A32 /* RefundMeApp */,
			);
			name = RefundMeApp;
			packageProductDependencies = (
			);
			productName = RefundMeApp;
			productReference = 84A2EA1A2DEB4E0B00D60A32 /* RefundMeApp.app */;
			productType = "com.apple.product-type.application";
		};
		84A2EA262DEB4E0C00D60A32 /* RefundMeAppTests */ = {
			isa = PBXNativeTarget;
			buildConfigurationList = 84A2EA3E2DEB4E0C00D60A32 /* Build configuration list for PBXNativeTarget "RefundMeAppTests" */;
			buildPhases = (
				84A2EA232DEB4E0C00D60A32 /* Sources */,
				84A2EA242DEB4E0C00D60A32 /* Frameworks */,
				84A2EA252DEB4E0C00D60A32 /* Resources */,
			);
			buildRules = (
			);
			dependencies = (
				84A2EA292DEB4E0C00D60A32 /* PBXTargetDependency */,
			);
			fileSystemSynchronizedGroups = (
				84A2EA2A2DEB4E0C00D60A32 /* RefundMeAppTests */,
			);
			name = RefundMeAppTests;
			packageProductDependencies = (
			);
			productName = RefundMeAppTests;
			productReference = 84A2EA272DEB4E0C00D60A32 /* RefundMeAppTests.xctest */;
			productType = "com.apple.product-type.bundle.unit-test";
		};
		84A2EA302DEB4E0C00D60A32 /* RefundMeAppUITests */ = {
			isa = PBXNativeTarget;
			buildConfigurationList = 84A2EA412DEB4E0C00D60A32 /* Build configuration list for PBXNativeTarget "RefundMeAppUITests" */;
			buildPhases = (
				84A2EA2D2DEB4E0C00D60A32 /* Sources */,
				84A2EA2E2DEB4E0C00D60A32 /* Frameworks */,
				84A2EA2F2DEB4E0C00D60A32 /* Resources */,
			);
			buildRules = (
			);
			dependencies = (
				84A2EA332DEB4E0C00D60A32 /* PBXTargetDependency */,
			);
			fileSystemSynchronizedGroups = (
				84A2EA342DEB4E0C00D60A32 /* RefundMeAppUITests */,
			);
			name = RefundMeAppUITests;
			packageProductDependencies = (
			);
			productName = RefundMeAppUITests;
			productReference = 84A2EA312DEB4E0C00D60A32 /* RefundMeAppUITests.xctest */;
			productType = "com.apple.product-type.bundle.ui-testing";
		};
/* End PBXNativeTarget section */

/* Begin PBXProject section */
		84A2EA122DEB4E0B00D60A32 /* Project object */ = {
			isa = PBXProject;
			attributes = {
				BuildIndependentTargetsInParallel = 1;
				LastSwiftUpdateCheck = 1640;
				LastUpgradeCheck = 1640;
				TargetAttributes = {
					84A2EA192DEB4E0B00D60A32 = {
						CreatedOnToolsVersion = 16.4;
					};
					84A2EA262DEB4E0C00D60A32 = {
						CreatedOnToolsVersion = 16.4;
						TestTargetID = 84A2EA192DEB4E0B00D60A32;
					};
					84A2EA302DEB4E0C00D60A32 = {
						CreatedOnToolsVersion = 16.4;
						TestTargetID = 84A2EA192DEB4E0B00D60A32;
					};
				};
			};
			buildConfigurationList = 84A2EA152DEB4E0B00D60A32 /* Build configuration list for PBXProject "RefundMeApp" */;
			developmentRegion = en;
			hasScannedForEncodings = 0;
			knownRegions = (
				en,
				Base,
			);
			mainGroup = 84A2EA112DEB4E0B00D60A32;
			minimizedProjectReferenceProxies = 1;
			packageReferences = (
				84A2EA682DEB51B600D60A32 /* XCRemoteSwiftPackageReference "supabase-swift" */,
				84A2EAF32DEB640300D60A32 /* XCRemoteSwiftPackageReference "plaid-link-ios" */,
			);
			preferredProjectObjectVersion = 77;
			productRefGroup = 84A2EA1B2DEB4E0B00D60A32 /* Products */;
			projectDirPath = "";
			projectRoot = "";
			targets = (
				84A2EA192DEB4E0B00D60A32 /* RefundMeApp */,
				84A2EA262DEB4E0C00D60A32 /* RefundMeAppTests */,
				84A2EA302DEB4E0C00D60A32 /* RefundMeAppUITests */,
			);
		};
/* End PBXProject section */

/* Begin PBXResourcesBuildPhase section */
		84A2EA182DEB4E0B00D60A32 /* Resources */ = {
			isa = PBXResourcesBuildPhase;
			buildActionMask = 2147483647;
			files = (
			);
			runOnlyForDeploymentPostprocessing = 0;
		};
		84A2EA252DEB4E0C00D60A32 /* Resources */ = {
			isa = PBXResourcesBuildPhase;
			buildActionMask = 2147483647;
			files = (
			);
			runOnlyForDeploymentPostprocessing = 0;
		};
		84A2EA2F2DEB4E0C00D60A32 /* Resources */ = {
			isa = PBXResourcesBuildPhase;
			buildActionMask = 2147483647;
			files = (
			);
			runOnlyForDeploymentPostprocessing = 0;
		};
/* End PBXResourcesBuildPhase section */

/* Begin PBXSourcesBuildPhase section */
		84A2EA162DEB4E0B00D60A32 /* Sources */ = {
			isa = PBXSourcesBuildPhase;
			buildActionMask = 2147483647;
			files = (
			);
			runOnlyForDeploymentPostprocessing = 0;
		};
		84A2EA232DEB4E0C00D60A32 /* Sources */ = {
			isa = PBXSourcesBuildPhase;
			buildActionMask = 2147483647;
			files = (
			);
			runOnlyForDeploymentPostprocessing = 0;
		};
		84A2EA2D2DEB4E0C00D60A32 /* Sources */ = {
			isa = PBXSourcesBuildPhase;
			buildActionMask = 2147483647;
			files = (
			);
			runOnlyForDeploymentPostprocessing = 0;
		};
/* End PBXSourcesBuildPhase section */

/* Begin PBXTargetDependency section */
		84A2EA292DEB4E0C00D60A32 /* PBXTargetDependency */ = {
			isa = PBXTargetDependency;
			target = 84A2EA192DEB4E0B00D60A32 /* RefundMeApp */;
			targetProxy = 84A2EA282DEB4E0C00D60A32 /* PBXContainerItemProxy */;
		};
		84A2EA332DEB4E0C00D60A32 /* PBXTargetDependency */ = {
			isa = PBXTargetDependency;
			target = 84A2EA192DEB4E0B00D60A32 /* RefundMeApp */;
			targetProxy = 84A2EA322DEB4E0C00D60A32 /* PBXContainerItemProxy */;
		};
/* End PBXTargetDependency section */

/* Begin XCBuildConfiguration section */
		84A2EA392DEB4E0C00D60A32 /* Debug */ = {
			isa = XCBuildConfiguration;
			buildSettings = {
				ALWAYS_SEARCH_USER_PATHS = NO;
				ASSETCATALOG_COMPILER_GENERATE_SWIFT_ASSET_SYMBOL_EXTENSIONS = YES;
				CLANG_ANALYZER_NONNULL = YES;
				CLANG_ANALYZER_NUMBER_OBJECT_CONVERSION = YES_AGGRESSIVE;
				CLANG_CXX_LANGUAGE_STANDARD = "gnu++20";
				CLANG_ENABLE_MODULES = YES;
				CLANG_ENABLE_OBJC_ARC = YES;
				CLANG_ENABLE_OBJC_WEAK = YES;
				CLANG_WARN_BLOCK_CAPTURE_AUTORELEASING = YES;
				CLANG_WARN_BOOL_CONVERSION = YES;
				CLANG_WARN_COMMA = YES;
				CLANG_WARN_CONSTANT_CONVERSION = YES;
				CLANG_WARN_DEPRECATED_OBJC_IMPLEMENTATIONS = YES;
				CLANG_WARN_DIRECT_OBJC_ISA_USAGE = YES_ERROR;
				CLANG_WARN_DOCUMENTATION_COMMENTS = YES;
				CLANG_WARN_EMPTY_BODY = YES;
				CLANG_WARN_ENUM_CONVERSION = YES;
				CLANG_WARN_INFINITE_RECURSION = YES;
				CLANG_WARN_INT_CONVERSION = YES;
				CLANG_WARN_NON_LITERAL_NULL_CONVERSION = YES;
				CLANG_WARN_OBJC_IMPLICIT_RETAIN_SELF = YES;
				CLANG_WARN_OBJC_LITERAL_CONVERSION = YES;
				CLANG_WARN_OBJC_ROOT_CLASS = YES_ERROR;
				CLANG_WARN_QUOTED_INCLUDE_IN_FRAMEWORK_HEADER = YES;
				CLANG_WARN_RANGE_LOOP_ANALYSIS = YES;
				CLANG_WARN_STRICT_PROTOTYPES = YES;
				CLANG_WARN_SUSPICIOUS_MOVE = YES;
				CLANG_WARN_UNGUARDED_AVAILABILITY = YES_AGGRESSIVE;
				CLANG_WARN_UNREACHABLE_CODE = YES;
				CLANG_WARN__DUPLICATE_METHOD_MATCH = YES;
				COPY_PHASE_STRIP = NO;
				DEBUG_INFORMATION_FORMAT = dwarf;
				ENABLE_STRICT_OBJC_MSGSEND = YES;
				ENABLE_TESTABILITY = YES;
				ENABLE_USER_SCRIPT_SANDBOXING = YES;
				GCC_C_LANGUAGE_STANDARD = gnu17;
				GCC_DYNAMIC_NO_PIC = NO;
				GCC_NO_COMMON_BLOCKS = YES;
				GCC_OPTIMIZATION_LEVEL = 0;
				GCC_PREPROCESSOR_DEFINITIONS = (
					"DEBUG=1",
					"$(inherited)",
				);
				GCC_WARN_64_TO_32_BIT_CONVERSION = YES;
				GCC_WARN_ABOUT_RETURN_TYPE = YES_ERROR;
				GCC_WARN_UNDECLARED_SELECTOR = YES;
				GCC_WARN_UNINITIALIZED_AUTOS = YES_AGGRESSIVE;
				GCC_WARN_UNUSED_FUNCTION = YES;
				GCC_WARN_UNUSED_VARIABLE = YES;
				IPHONEOS_DEPLOYMENT_TARGET = 18.5;
				LOCALIZATION_PREFERS_STRING_CATALOGS = YES;
				MTL_ENABLE_DEBUG_INFO = INCLUDE_SOURCE;
				MTL_FAST_MATH = YES;
				ONLY_ACTIVE_ARCH = YES;
				SDKROOT = iphoneos;
				SWIFT_ACTIVE_COMPILATION_CONDITIONS = "DEBUG $(inherited)";
				SWIFT_OPTIMIZATION_LEVEL = "-Onone";
			};
			name = Debug;
		};
		84A2EA3A2DEB4E0C00D60A32 /* Release */ = {
			isa = XCBuildConfiguration;
			buildSettings = {
				ALWAYS_SEARCH_USER_PATHS = NO;
				ASSETCATALOG_COMPILER_GENERATE_SWIFT_ASSET_SYMBOL_EXTENSIONS = YES;
				CLANG_ANALYZER_NONNULL = YES;
				CLANG_ANALYZER_NUMBER_OBJECT_CONVERSION = YES_AGGRESSIVE;
				CLANG_CXX_LANGUAGE_STANDARD = "gnu++20";
				CLANG_ENABLE_MODULES = YES;
				CLANG_ENABLE_OBJC_ARC = YES;
				CLANG_ENABLE_OBJC_WEAK = YES;
				CLANG_WARN_BLOCK_CAPTURE_AUTORELEASING = YES;
				CLANG_WARN_BOOL_CONVERSION = YES;
				CLANG_WARN_COMMA = YES;
				CLANG_WARN_CONSTANT_CONVERSION = YES;
				CLANG_WARN_DEPRECATED_OBJC_IMPLEMENTATIONS = YES;
				CLANG_WARN_DIRECT_OBJC_ISA_USAGE = YES_ERROR;
				CLANG_WARN_DOCUMENTATION_COMMENTS = YES;
				CLANG_WARN_EMPTY_BODY = YES;
				CLANG_WARN_ENUM_CONVERSION = YES;
				CLANG_WARN_INFINITE_RECURSION = YES;
				CLANG_WARN_INT_CONVERSION = YES;
				CLANG_WARN_NON_LITERAL_NULL_CONVERSION = YES;
				CLANG_WARN_OBJC_IMPLICIT_RETAIN_SELF = YES;
				CLANG_WARN_OBJC_LITERAL_CONVERSION = YES;
				CLANG_WARN_OBJC_ROOT_CLASS = YES_ERROR;
				CLANG_WARN_QUOTED_INCLUDE_IN_FRAMEWORK_HEADER = YES;
				CLANG_WARN_RANGE_LOOP_ANALYSIS = YES;
				CLANG_WARN_STRICT_PROTOTYPES = YES;
				CLANG_WARN_SUSPICIOUS_MOVE = YES;
				CLANG_WARN_UNGUARDED_AVAILABILITY = YES_AGGRESSIVE;
				CLANG_WARN_UNREACHABLE_CODE = YES;
				CLANG_WARN__DUPLICATE_METHOD_MATCH = YES;
				COPY_PHASE_STRIP = NO;
				DEBUG_INFORMATION_FORMAT = "dwarf-with-dsym";
				ENABLE_NS_ASSERTIONS = NO;
				ENABLE_STRICT_OBJC_MSGSEND = YES;
				ENABLE_USER_SCRIPT_SANDBOXING = YES;
				GCC_C_LANGUAGE_STANDARD = gnu17;
				GCC_NO_COMMON_BLOCKS = YES;
				GCC_WARN_64_TO_32_BIT_CONVERSION = YES;
				GCC_WARN_ABOUT_RETURN_TYPE = YES_ERROR;
				GCC_WARN_UNDECLARED_SELECTOR = YES;
				GCC_WARN_UNINITIALIZED_AUTOS = YES_AGGRESSIVE;
				GCC_WARN_UNUSED_FUNCTION = YES;
				GCC_WARN_UNUSED_VARIABLE = YES;
				IPHONEOS_DEPLOYMENT_TARGET = 18.5;
				LOCALIZATION_PREFERS_STRING_CATALOGS = YES;
				MTL_ENABLE_DEBUG_INFO = NO;
				MTL_FAST_MATH = YES;
				SDKROOT = iphoneos;
				SWIFT_COMPILATION_MODE = wholemodule;
				VALIDATE_PRODUCT = YES;
			};
			name = Release;
		};
		84A2EA3C2DEB4E0C00D60A32 /* Debug */ = {
			isa = XCBuildConfiguration;
			buildSettings = {
				ASSETCATALOG_COMPILER_APPICON_NAME = AppIcon;
				ASSETCATALOG_COMPILER_GLOBAL_ACCENT_COLOR_NAME = AccentColor;
				CODE_SIGN_STYLE = Automatic;
				CURRENT_PROJECT_VERSION = 1;
				ENABLE_PREVIEWS = YES;
				GENERATE_INFOPLIST_FILE = YES;
				INFOPLIST_KEY_UIApplicationSceneManifest_Generation = YES;
				INFOPLIST_KEY_UIApplicationSupportsIndirectInputEvents = YES;
				INFOPLIST_KEY_UILaunchScreen_Generation = YES;
				INFOPLIST_KEY_UISupportedInterfaceOrientations_iPad = "UIInterfaceOrientationPortrait UIInterfaceOrientationPortraitUpsideDown UIInterfaceOrientationLandscapeLeft UIInterfaceOrientationLandscapeRight";
				INFOPLIST_KEY_UISupportedInterfaceOrientations_iPhone = "UIInterfaceOrientationPortrait UIInterfaceOrientationLandscapeLeft UIInterfaceOrientationLandscapeRight";
				LD_RUNPATH_SEARCH_PATHS = (
					"$(inherited)",
					"@executable_path/Frameworks",
				);
				MARKETING_VERSION = 1.0;
				PRODUCT_BUNDLE_IDENTIFIER = KwameAIStudios.RefundMeApp;
				PRODUCT_NAME = "$(TARGET_NAME)";
				SWIFT_EMIT_LOC_STRINGS = YES;
				SWIFT_VERSION = 5.0;
				TARGETED_DEVICE_FAMILY = "1,2";
			};
			name = Debug;
		};
		84A2EA3D2DEB4E0C00D60A32 /* Release */ = {
			isa = XCBuildConfiguration;
			buildSettings = {
				ASSETCATALOG_COMPILER_APPICON_NAME = AppIcon;
				ASSETCATALOG_COMPILER_GLOBAL_ACCENT_COLOR_NAME = AccentColor;
				CODE_SIGN_STYLE = Automatic;
				CURRENT_PROJECT_VERSION = 1;
				ENABLE_PREVIEWS = YES;
				GENERATE_INFOPLIST_FILE = YES;
				INFOPLIST_KEY_UIApplicationSceneManifest_Generation = YES;
				INFOPLIST_KEY_UIApplicationSupportsIndirectInputEvents = YES;
				INFOPLIST_KEY_UILaunchScreen_Generation = YES;
				INFOPLIST_KEY_UISupportedInterfaceOrientations_iPad = "UIInterfaceOrientationPortrait UIInterfaceOrientationPortraitUpsideDown UIInterfaceOrientationLandscapeLeft UIInterfaceOrientationLandscapeRight";
				INFOPLIST_KEY_UISupportedInterfaceOrientations_iPhone = "UIInterfaceOrientationPortrait UIInterfaceOrientationLandscapeLeft UIInterfaceOrientationLandscapeRight";
				LD_RUNPATH_SEARCH_PATHS = (
					"$(inherited)",
					"@executable_path/Frameworks",
				);
				MARKETING_VERSION = 1.0;
				PRODUCT_BUNDLE_IDENTIFIER = KwameAIStudios.RefundMeApp;
				PRODUCT_NAME = "$(TARGET_NAME)";
				SWIFT_EMIT_LOC_STRINGS = YES;
				SWIFT_VERSION = 5.0;
				TARGETED_DEVICE_FAMILY = "1,2";
			};
			name = Release;
		};
		84A2EA3F2DEB4E0C00D60A32 /* Debug */ = {
			isa = XCBuildConfiguration;
			buildSettings = {
				BUNDLE_LOADER = "$(TEST_HOST)";
				CODE_SIGN_STYLE = Automatic;
				CURRENT_PROJECT_VERSION = 1;
				GENERATE_INFOPLIST_FILE = YES;
				IPHONEOS_DEPLOYMENT_TARGET = 18.5;
				MARKETING_VERSION = 1.0;
				PRODUCT_BUNDLE_IDENTIFIER = KwameAIStudios.RefundMeAppTests;
				PRODUCT_NAME = "$(TARGET_NAME)";
				SWIFT_EMIT_LOC_STRINGS = NO;
				SWIFT_VERSION = 5.0;
				TARGETED_DEVICE_FAMILY = "1,2";
				TEST_HOST = "$(BUILT_PRODUCTS_DIR)/RefundMeApp.app/$(BUNDLE_EXECUTABLE_FOLDER_PATH)/RefundMeApp";
			};
			name = Debug;
		};
		84A2EA402DEB4E0C00D60A32 /* Release */ = {
			isa = XCBuildConfiguration;
			buildSettings = {
				BUNDLE_LOADER = "$(TEST_HOST)";
				CODE_SIGN_STYLE = Automatic;
				CURRENT_PROJECT_VERSION = 1;
				GENERATE_INFOPLIST_FILE = YES;
				IPHONEOS_DEPLOYMENT_TARGET = 18.5;
				MARKETING_VERSION = 1.0;
				PRODUCT_BUNDLE_IDENTIFIER = KwameAIStudios.RefundMeAppTests;
				PRODUCT_NAME = "$(TARGET_NAME)";
				SWIFT_EMIT_LOC_STRINGS = NO;
				SWIFT_VERSION = 5.0;
				TARGETED_DEVICE_FAMILY = "1,2";
				TEST_HOST = "$(BUILT_PRODUCTS_DIR)/RefundMeApp.app/$(BUNDLE_EXECUTABLE_FOLDER_PATH)/RefundMeApp";
			};
			name = Release;
		};
		84A2EA422DEB4E0C00D60A32 /* Debug */ = {
			isa = XCBuildConfiguration;
			buildSettings = {
				CODE_SIGN_STYLE = Automatic;
				CURRENT_PROJECT_VERSION = 1;
				GENERATE_INFOPLIST_FILE = YES;
				MARKETING_VERSION = 1.0;
				PRODUCT_BUNDLE_IDENTIFIER = KwameAIStudios.RefundMeAppUITests;
				PRODUCT_NAME = "$(TARGET_NAME)";
				SWIFT_EMIT_LOC_STRINGS = NO;
				SWIFT_VERSION = 5.0;
				TARGETED_DEVICE_FAMILY = "1,2";
				TEST_TARGET_NAME = RefundMeApp;
			};
			name = Debug;
		};
		84A2EA432DEB4E0C00D60A32 /* Release */ = {
			isa = XCBuildConfiguration;
			buildSettings = {
				CODE_SIGN_STYLE = Automatic;
				CURRENT_PROJECT_VERSION = 1;
				GENERATE_INFOPLIST_FILE = YES;
				MARKETING_VERSION = 1.0;
				PRODUCT_BUNDLE_IDENTIFIER = KwameAIStudios.RefundMeAppUITests;
				PRODUCT_NAME = "$(TARGET_NAME)";
				SWIFT_EMIT_LOC_STRINGS = NO;
				SWIFT_VERSION = 5.0;
				TARGETED_DEVICE_FAMILY = "1,2";
				TEST_TARGET_NAME = RefundMeApp;
			};
			name = Release;
		};
/* End XCBuildConfiguration section */

/* Begin XCConfigurationList section */
		84A2EA152DEB4E0B00D60A32 /* Build configuration list for PBXProject "RefundMeApp" */ = {
			isa = XCConfigurationList;
			buildConfigurations = (
				84A2EA392DEB4E0C00D60A32 /* Debug */,
				84A2EA3A2DEB4E0C00D60A32 /* Release */,
			);
			defaultConfigurationIsVisible = 0;
			defaultConfigurationName = Release;
		};
		84A2EA3B2DEB4E0C00D60A32 /* Build configuration list for PBXNativeTarget "RefundMeApp" */ = {
			isa = XCConfigurationList;
			buildConfigurations = (
				84A2EA3C2DEB4E0C00D60A32 /* Debug */,
				84A2EA3D2DEB4E0C00D60A32 /* Release */,
			);
			defaultConfigurationIsVisible = 0;
			defaultConfigurationName = Release;
		};
		84A2EA3E2DEB4E0C00D60A32 /* Build configuration list for PBXNativeTarget "RefundMeAppTests" */ = {
			isa = XCConfigurationList;
			buildConfigurations = (
				84A2EA3F2DEB4E0C00D60A32 /* Debug */,
				84A2EA402DEB4E0C00D60A32 /* Release */,
			);
			defaultConfigurationIsVisible = 0;
			defaultConfigurationName = Release;
		};
		84A2EA412DEB4E0C00D60A32 /* Build configuration list for PBXNativeTarget "RefundMeAppUITests" */ = {
			isa = XCConfigurationList;
			buildConfigurations = (
				84A2EA422DEB4E0C00D60A32 /* Debug */,
				84A2EA432DEB4E0C00D60A32 /* Release */,
			);
			defaultConfigurationIsVisible = 0;
			defaultConfigurationName = Release;
		};
/* End XCConfigurationList section */

/* Begin XCRemoteSwiftPackageReference section */
		84A2EA682DEB51B600D60A32 /* XCRemoteSwiftPackageReference "supabase-swift" */ = {
			isa = XCRemoteSwiftPackageReference;
			repositoryURL = "https://github.com/supabase/supabase-swift.git";
			requirement = {
				kind = upToNextMajorVersion;
				minimumVersion = 2.5.1;
			};
		};
		84A2EAF32DEB640300D60A32 /* XCRemoteSwiftPackageReference "plaid-link-ios" */ = {
			isa = XCRemoteSwiftPackageReference;
			repositoryURL = "https://github.com/plaid/plaid-link-ios.git";
			requirement = {
				kind = upToNextMajorVersion;
				minimumVersion = 6.2.0;
			};
		};
/* End XCRemoteSwiftPackageReference section */
	};
	rootObject = 84A2EA122DEB4E0B00D60A32 /* Project object */;
}
